# This file is automatically @generated by Cargo.
# It is not intended for manual editing.
version = 3

[[package]]
name = "ruxpin_api"
version = "0.1.0"

[[package]]
name = "ruxpin_config_raspberrypi3"
version = "0.1.0"
dependencies = [
 "ruxpin_api",
 "ruxpin_drivers_arm",
 "ruxpin_drivers_raspberrypi",
 "ruxpin_filesystems_devfs",
 "ruxpin_filesystems_ext2",
 "ruxpin_filesystems_procfs",
 "ruxpin_filesystems_tmpfs",
 "ruxpin_kernel",
]

[[package]]
name = "ruxpin_drivers_arm"
version = "0.1.0"
dependencies = [
 "ruxpin_api",
 "ruxpin_kernel",
]

[[package]]
name = "ruxpin_drivers_raspberrypi"
version = "0.1.0"
dependencies = [
 "ruxpin_api",
 "ruxpin_kernel",
]

[[package]]
name = "ruxpin_filesystems_devfs"
version = "0.1.0"
dependencies = [
 "ruxpin_api",
 "ruxpin_kernel",
]

[[package]]
name = "ruxpin_filesystems_ext2"
version = "0.1.0"
dependencies = [
 "ruxpin_api",
 "ruxpin_kernel",
]

[[package]]
name = "ruxpin_filesystems_procfs"
version = "0.1.0"
dependencies = [
 "ruxpin_api",
 "ruxpin_kernel",
]

[[package]]
name = "ruxpin_filesystems_tmpfs"
version = "0.1.0"
dependencies = [
 "ruxpin_api",
 "ruxpin_kernel",
]

[[package]]
name = "ruxpin_kernel"
version = "0.1.0"
dependencies = [
 "ruxpin_api",
]
